
Microsoft Visual Studio Solution File, Format Version 12.00
# Visual Studio Version 16
VisualStudioVersion = 16.0.32602.291
MinimumVisualStudioVersion = 10.0.40219.1
Project("{FAE04EC0-301F-11D3-BF4B-00C04F79EFBC}") = "Ejercicio1_1.Android", "Ejercicio1_1\Ejercicio1_1.Android\Ejercicio1_1.Android.csproj", "{00548794-0BA7-4A4D-A3BD-73D351828973}"
EndProject
Project("{9A19103F-16F7-4668-BE54-9A1E7A4F7556}") = "Ejercicio1_1", "Ejercicio1_1\Ejercicio1_1\Ejercicio1_1.csproj", "{5526C846-C982-4014-80C9-E763286104FE}"
EndProject
Global
	GlobalSection(SolutionConfigurationPlatforms) = preSolution
		Debug|Any CPU = Debug|Any CPU
		Debug|iPhone = Debug|iPhone
		Debug|iPhoneSimulator = Debug|iPhoneSimulator
		Release|Any CPU = Release|Any CPU
		Release|iPhone = Release|iPhone
		Release|iPhoneSimulator = Release|iPhoneSimulator
	EndGlobalSection
	GlobalSection(ProjectConfigurationPlatforms) = postSolution
		{00548794-0BA7-4A4D-A3BD-73D351828973}.Debug|Any CPU.ActiveCfg = Debug|Any CPU
		{00548794-0BA7-4A4D-A3BD-73D351828973}.Debug|Any CPU.Build.0 = Debug|Any CPU
		{00548794-0BA7-4A4D-A3BD-73D351828973}.Debug|Any CPU.Deploy.0 = Debug|Any CPU
		{00548794-0BA7-4A4D-A3BD-73D351828973}.Debug|iPhone.ActiveCfg = Debug|Any CPU
		{00548794-0BA7-4A4D-A3BD-73D351828973}.Debug|iPhone.Build.0 = Debug|Any CPU
		{00548794-0BA7-4A4D-A3BD-73D351828973}.Debug|iPhone.Deploy.0 = Debug|Any CPU
		{00548794-0BA7-4A4D-A3BD-73D351828973}.Debug|iPhoneSimulator.ActiveCfg = Debug|Any CPU
		{00548794-0BA7-4A4D-A3BD-73D351828973}.Debug|iPhoneSimulator.Build.0 = Debug|Any CPU
		{00548794-0BA7-4A4D-A3BD-73D351828973}.Debug|iPhoneSimulator.Deploy.0 = Debug|Any CPU
		{00548794-0BA7-4A4D-A3BD-73D351828973}.Release|Any CPU.ActiveCfg = Release|Any CPU
		{00548794-0BA7-4A4D-A3BD-73D351828973}.Release|Any CPU.Build.0 = Release|Any CPU
		{00548794-0BA7-4A4D-A3BD-73D351828973}.Release|Any CPU.Deploy.0 = Release|Any CPU
		{00548794-0BA7-4A4D-A3BD-73D351828973}.Release|iPhone.ActiveCfg = Release|Any CPU
		{00548794-0BA7-4A4D-A3BD-73D351828973}.Release|iPhone.Build.0 = Release|Any CPU
		{00548794-0BA7-4A4D-A3BD-73D351828973}.Release|iPhone.Deploy.0 = Release|Any CPU
		{00548794-0BA7-4A4D-A3BD-73D351828973}.Release|iPhoneSimulator.ActiveCfg = Release|Any CPU
		{00548794-0BA7-4A4D-A3BD-73D351828973}.Release|iPhoneSimulator.Build.0 = Release|Any CPU
		{00548794-0BA7-4A4D-A3BD-73D351828973}.Release|iPhoneSimulator.Deploy.0 = Release|Any CPU
		{5526C846-C982-4014-80C9-E763286104FE}.Debug|Any CPU.ActiveCfg = Debug|Any CPU
		{5526C846-C982-4014-80C9-E763286104FE}.Debug|Any CPU.Build.0 = Debug|Any CPU
		{5526C846-C982-4014-80C9-E763286104FE}.Debug|Any CPU.Deploy.0 = Debug|Any CPU
		{5526C846-C982-4014-80C9-E763286104FE}.Debug|iPhone.ActiveCfg = Debug|Any CPU
		{5526C846-C982-4014-80C9-E763286104FE}.Debug|iPhone.Build.0 = Debug|Any CPU
		{5526C846-C982-4014-80C9-E763286104FE}.Debug|iPhone.Deploy.0 = Debug|Any CPU
		{5526C846-C982-4014-80C9-E763286104FE}.Debug|iPhoneSimulator.ActiveCfg = Debug|Any CPU
		{5526C846-C982-4014-80C9-E763286104FE}.Debug|iPhoneSimulator.Build.0 = Debug|Any CPU
		{5526C846-C982-4014-80C9-E763286104FE}.Debug|iPhoneSimulator.Deploy.0 = Debug|Any CPU
		{5526C846-C982-4014-80C9-E763286104FE}.Release|Any CPU.ActiveCfg = Release|Any CPU
		{5526C846-C982-4014-80C9-E763286104FE}.Release|Any CPU.Build.0 = Release|Any CPU
		{5526C846-C982-4014-80C9-E763286104FE}.Release|Any CPU.Deploy.0 = Release|Any CPU
		{5526C846-C982-4014-80C9-E763286104FE}.Release|iPhone.ActiveCfg = Release|Any CPU
		{5526C846-C982-4014-80C9-E763286104FE}.Release|iPhone.Build.0 = Release|Any CPU
		{5526C846-C982-4014-80C9-E763286104FE}.Release|iPhone.Deploy.0 = Release|Any CPU
		{5526C846-C982-4014-80C9-E763286104FE}.Release|iPhoneSimulator.ActiveCfg = Release|Any CPU
		{5526C846-C982-4014-80C9-E763286104FE}.Release|iPhoneSimulator.Build.0 = Release|Any CPU
		{5526C846-C982-4014-80C9-E763286104FE}.Release|iPhoneSimulator.Deploy.0 = Release|Any CPU
	EndGlobalSection
	GlobalSection(SolutionProperties) = preSolution
		HideSolutionNode = FALSE
	EndGlobalSection
	GlobalSection(ExtensibilityGlobals) = postSolution
		SolutionGuid = {7A2BB597-93BF-4FD6-863C-B252A7BF62F2}
	EndGlobalSection
EndGlobal
